// !$*UTF8*$!
{
	archiveVersion = 1;
	classes = {
	};
	objectVersion = 77;
	objects = {

/* Begin PBXBuildFile section */
		693B762A2F873FD80078FCAD /* Assets.xcassets in Resources */ = {isa = PBXBuildFile; fileRef = 693B76252F873FD80078FCAD /* Assets.xcassets */; };
		693B762D2F873FD80078FCAD /* MiniPOSKidsApp.swift in Sources */ = {isa = PBXBuildFile; fileRef = 693B76282F873FD80078FCAD /* MiniPOSKidsApp.swift */; };
		693B76362F8740D20078FCAD /* AppRootView.swift in Sources */ = {isa = PBXBuildFile; fileRef = 693B76352F8740D20078FCAD /* AppRootView.swift */; };
		693B76382F8740EC0078FCAD /* AppState.swift in Sources */ = {isa = PBXBuildFile; fileRef = 693B76372F8740EC0078FCAD /* AppState.swift */; };
		693B763C2F87416E0078FCAD /* AuthRoute.swift in Sources */ = {isa = PBXBuildFile; fileRef = 693B763B2F87416E0078FCAD /* AuthRoute.swift */; };
		693B763E2F8741760078FCAD /* AuthRouter.swift in Sources */ = {isa = PBXBuildFile; fileRef = 693B763D2F8741760078FCAD /* AuthRouter.swift */; };
		693B76402F8763490078FCAD /* SmaregiWebView.swift in Sources */ = {isa = PBXBuildFile; fileRef = 693B763F2F8763490078FCAD /* SmaregiWebView.swift */; };
		693B76482F8770CB0078FCAD /* LoginView.swift in Sources */ = {isa = PBXBuildFile; fileRef = 693B76472F8770CB0078FCAD /* LoginView.swift */; };
		6946CCFD2F8B211400E9445E /* HomeView.swift in Sources */ = {isa = PBXBuildFile; fileRef = 6946CCFC2F8B211400E9445E /* HomeView.swift */; };
		6946CCFF2F8B217700E9445E /* HomeRouter.swift in Sources */ = {isa = PBXBuildFile; fileRef = 6946CCFE2F8B217700E9445E /* HomeRouter.swift */; };
		6946CD012F8B218000E9445E /* HomeRoute.swift in Sources */ = {isa = PBXBuildFile; fileRef = 6946CD002F8B218000E9445E /* HomeRoute.swift */; };
		69F095AD2F8C4E8A00477B4F /* AuthRootView.swift in Sources */ = {isa = PBXBuildFile; fileRef = 69F095AC2F8C4E8A00477B4F /* AuthRootView.swift */; };
		69F095AF2F8C4ED500477B4F /* HomeRootView.swift in Sources */ = {isa = PBXBuildFile; fileRef = 69F095AE2F8C4ED500477B4F /* HomeRootView.swift */; };
/* End PBXBuildFile section */

/* Begin PBXContainerItemProxy section */
		697E5F422F84D5B3008C8E1D /* PBXContainerItemProxy */ = {
			isa = PBXContainerItemProxy;
			containerPortal = 697E5F2C2F84D5B0008C8E1D /* Project object */;
			proxyType = 1;
			remoteGlobalIDString = 697E5F332F84D5B0008C8E1D;
			remoteInfo = MiniPOSKids;
		};
		697E5F4C2F84D5B3008C8E1D /* PBXContainerItemProxy */ = {
			isa = PBXContainerItemProxy;
			containerPortal = 697E5F2C2F84D5B0008C8E1D /* Project object */;
			proxyType = 1;
			remoteGlobalIDString = 697E5F332F84D5B0008C8E1D;
			remoteInfo = MiniPOSKids;
		};
/* End PBXContainerItemProxy section */

/* Begin PBXFileReference section */
		693B76252F873FD80078FCAD /* Assets.xcassets */ = {isa = PBXFileReference; lastKnownFileType = folder.assetcatalog; path = Assets.xcassets; sourceTree = "<group>"; };
		693B76282F873FD80078FCAD /* MiniPOSKidsApp.swift */ = {isa = PBXFileReference; lastKnownFileType = sourcecode.swift; path = MiniPOSKidsApp.swift; sourceTree = "<group>"; };
		693B76352F8740D20078FCAD /* AppRootView.swift */ = {isa = PBXFileReference; lastKnownFileType = sourcecode.swift; path = AppRootView.swift; sourceTree = "<group>"; };
		693B76372F8740EC0078FCAD /* AppState.swift */ = {isa = PBXFileReference; lastKnownFileType = sourcecode.swift; path = AppState.swift; sourceTree = "<group>"; };
		693B763B2F87416E0078FCAD /* AuthRoute.swift */ = {isa = PBXFileReference; lastKnownFileType = sourcecode.swift; path = AuthRoute.swift; sourceTree = "<group>"; };
		693B763D2F8741760078FCAD /* AuthRouter.swift */ = {isa = PBXFileReference; lastKnownFileType = sourcecode.swift; path = AuthRouter.swift; sourceTree = "<group>"; };
		693B763F2F8763490078FCAD /* SmaregiWebView.swift */ = {isa = PBXFileReference; lastKnownFileType = sourcecode.swift; path = SmaregiWebView.swift; sourceTree = "<group>"; };
		693B76472F8770CB0078FCAD /* LoginView.swift */ = {isa = PBXFileReference; lastKnownFileType = sourcecode.swift; path = LoginView.swift; sourceTree = "<group>"; };
		6946CCFC2F8B211400E9445E /* HomeView.swift */ = {isa = PBXFileReference; lastKnownFileType = sourcecode.swift; path = HomeView.swift; sourceTree = "<group>"; };
		6946CCFE2F8B217700E9445E /* HomeRouter.swift */ = {isa = PBXFileReference; lastKnownFileType = sourcecode.swift; path = HomeRouter.swift; sourceTree = "<group>"; };
		6946CD002F8B218000E9445E /* HomeRoute.swift */ = {isa = PBXFileReference; lastKnownFileType = sourcecode.swift; path = HomeRoute.swift; sourceTree = "<group>"; };
		697E5F342F84D5B0008C8E1D /* MiniPOSKids.app */ = {isa = PBXFileReference; explicitFileType = wrapper.application; includeInIndex = 0; path = MiniPOSKids.app; sourceTree = BUILT_PRODUCTS_DIR; };
		697E5F412F84D5B3008C8E1D /* MiniPOSKidsTests.xctest */ = {isa = PBXFileReference; explicitFileType = wrapper.cfbundle; includeInIndex = 0; path = MiniPOSKidsTests.xctest; sourceTree = BUILT_PRODUCTS_DIR; };
		697E5F4B2F84D5B3008C8E1D /* MiniPOSKidsUITests.xctest */ = {isa = PBXFileReference; explicitFileType = wrapper.cfbundle; includeInIndex = 0; path = MiniPOSKidsUITests.xctest; sourceTree = BUILT_PRODUCTS_DIR; };
		69F095AC2F8C4E8A00477B4F /* AuthRootView.swift */ = {isa = PBXFileReference; lastKnownFileType = sourcecode.swift; path = AuthRootView.swift; sourceTree = "<group>"; };
		69F095AE2F8C4ED500477B4F /* HomeRootView.swift */ = {isa = PBXFileReference; lastKnownFileType = sourcecode.swift; path = HomeRootView.swift; sourceTree = "<group>"; };
/* End PBXFileReference section */

/* Begin PBXFileSystemSynchronizedRootGroup section */
		697E5F442F84D5B3008C8E1D /* MiniPOSKidsTests */ = {
			isa = PBXFileSystemSynchronizedRootGroup;
			path = MiniPOSKidsTests;
			sourceTree = "<group>";
		};
		697E5F4E2F84D5B3008C8E1D /* MiniPOSKidsUITests */ = {
			isa = PBXFileSystemSynchronizedRootGroup;
			path = MiniPOSKidsUITests;
			sourceTree = "<group>";
		};
/* End PBXFileSystemSynchronizedRootGroup section */

/* Begin PBXFrameworksBuildPhase section */
		697E5F312F84D5B0008C8E1D /* Frameworks */ = {
			isa = PBXFrameworksBuildPhase;
			buildActionMask = 2147483647;
			files = (
			);
			runOnlyForDeploymentPostprocessing = 0;
		};
		697E5F3E2F84D5B3008C8E1D /* Frameworks */ = {
			isa = PBXFrameworksBuildPhase;
			buildActionMask = 2147483647;
			files = (
			);
			runOnlyForDeploymentPostprocessing = 0;
		};
		697E5F482F84D5B3008C8E1D /* Frameworks */ = {
			isa = PBXFrameworksBuildPhase;
			buildActionMask = 2147483647;
			files = (
			);
			runOnlyForDeploymentPostprocessing = 0;
		};
/* End PBXFrameworksBuildPhase section */

/* Begin PBXGroup section */
		693B76292F873FD80078FCAD /* MiniPOSKids */ = {
			isa = PBXGroup;
			children = (
				693B76392F8741040078FCAD /* Routing */,
				6946CCEA2F8B1C0B00E9445E /* Model */,
				6946CCE92F8B1C0400E9445E /* ViewModel */,
				6946CCE82F8B1BFB00E9445E /* View */,
			);
			path = MiniPOSKids;
			sourceTree = "<group>";
		};
		693B762E2F8740330078FCAD /* App */ = {
			isa = PBXGroup;
			children = (
				693B76282F873FD80078FCAD /* MiniPOSKidsApp.swift */,
				693B76352F8740D20078FCAD /* AppRootView.swift */,
				693B76372F8740EC0078FCAD /* AppState.swift */,
			);
			path = App;
			sourceTree = "<group>";
		};
		693B76392F8741040078FCAD /* Routing */ = {
			isa = PBXGroup;
			children = (
				693B763A2F87415A0078FCAD /* Auth */,
				6946CCF92F8B20F000E9445E /* Home */,
			);
			path = Routing;
			sourceTree = "<group>";
		};
		693B763A2F87415A0078FCAD /* Auth */ = {
			isa = PBXGroup;
			children = (
				693B763B2F87416E0078FCAD /* AuthRoute.swift */,
				693B763D2F8741760078FCAD /* AuthRouter.swift */,
			);
			path = Auth;
			sourceTree = "<group>";
		};
		6946CCE82F8B1BFB00E9445E /* View */ = {
			isa = PBXGroup;
			children = (
				693B762E2F8740330078FCAD /* App */,
				6946CCF72F8B1D2700E9445E /* Auth */,
				6946CCF82F8B1D3800E9445E /* Home */,
			);
			path = View;
			sourceTree = "<group>";
		};
		6946CCE92F8B1C0400E9445E /* ViewModel */ = {
			isa = PBXGroup;
			children = (
			);
			path = ViewModel;
			sourceTree = "<group>";
		};
		6946CCEA2F8B1C0B00E9445E /* Model */ = {
			isa = PBXGroup;
			children = (
			);
			path = Model;
			sourceTree = "<group>";
		};
		6946CCF72F8B1D2700E9445E /* Auth */ = {
			isa = PBXGroup;
			children = (
				69F095AC2F8C4E8A00477B4F /* AuthRootView.swift */,
				693B76472F8770CB0078FCAD /* LoginView.swift */,
				693B763F2F8763490078FCAD /* SmaregiWebView.swift */,
			);
			path = Auth;
			sourceTree = "<group>";
		};
		6946CCF82F8B1D3800E9445E /* Home */ = {
			isa = PBXGroup;
			children = (
				69F095AE2F8C4ED500477B4F /* HomeRootView.swift */,
				6946CCFC2F8B211400E9445E /* HomeView.swift */,
			);
			path = Home;
			sourceTree = "<group>";
		};
		6946CCF92F8B20F000E9445E /* Home */ = {
			isa = PBXGroup;
			children = (
				6946CD002F8B218000E9445E /* HomeRoute.swift */,
				6946CCFE2F8B217700E9445E /* HomeRouter.swift */,
			);
			path = Home;
			sourceTree = "<group>";
		};
		697E5F2B2F84D5B0008C8E1D = {
			isa = PBXGroup;
			children = (
				693B76292F873FD80078FCAD /* MiniPOSKids */,
				693B76252F873FD80078FCAD /* Assets.xcassets */,
				697E5F442F84D5B3008C8E1D /* MiniPOSKidsTests */,
				697E5F4E2F84D5B3008C8E1D /* MiniPOSKidsUITests */,
				697E5F352F84D5B0008C8E1D /* Products */,
			);
			sourceTree = "<group>";
		};
		697E5F352F84D5B0008C8E1D /* Products */ = {
			isa = PBXGroup;
			children = (
				697E5F342F84D5B0008C8E1D /* MiniPOSKids.app */,
				697E5F412F84D5B3008C8E1D /* MiniPOSKidsTests.xctest */,
				697E5F4B2F84D5B3008C8E1D /* MiniPOSKidsUITests.xctest */,
			);
			name = Products;
			sourceTree = "<group>";
		};
/* End PBXGroup section */

/* Begin PBXNativeTarget section */
		697E5F332F84D5B0008C8E1D /* MiniPOSKids */ = {
			isa = PBXNativeTarget;
			buildConfigurationList = 697E5F552F84D5B3008C8E1D /* Build configuration list for PBXNativeTarget "MiniPOSKids" */;
			buildPhases = (
				697E5F302F84D5B0008C8E1D /* Sources */,
				697E5F312F84D5B0008C8E1D /* Frameworks */,
				697E5F322F84D5B0008C8E1D /* Resources */,
			);
			buildRules = (
			);
			dependencies = (
			);
			name = MiniPOSKids;
			packageProductDependencies = (
			);
			productName = MiniPOSKids;
			productReference = 697E5F342F84D5B0008C8E1D /* MiniPOSKids.app */;
			productType = "com.apple.product-type.application";
		};
		697E5F402F84D5B3008C8E1D /* MiniPOSKidsTests */ = {
			isa = PBXNativeTarget;
			buildConfigurationList = 697E5F582F84D5B3008C8E1D /* Build configuration list for PBXNativeTarget "MiniPOSKidsTests" */;
			buildPhases = (
				697E5F3D2F84D5B3008C8E1D /* Sources */,
				697E5F3E2F84D5B3008C8E1D /* Frameworks */,
				697E5F3F2F84D5B3008C8E1D /* Resources */,
			);
			buildRules = (
			);
			dependencies = (
				697E5F432F84D5B3008C8E1D /* PBXTargetDependency */,
			);
			fileSystemSynchronizedGroups = (
				697E5F442F84D5B3008C8E1D /* MiniPOSKidsTests */,
			);
			name = MiniPOSKidsTests;
			packageProductDependencies = (
			);
			productName = MiniPOSKidsTests;
			productReference = 697E5F412F84D5B3008C8E1D /* MiniPOSKidsTests.xctest */;
			productType = "com.apple.product-type.bundle.unit-test";
		};
		697E5F4A2F84D5B3008C8E1D /* MiniPOSKidsUITests */ = {
			isa = PBXNativeTarget;
			buildConfigurationList = 697E5F5B2F84D5B3008C8E1D /* Build configuration list for PBXNativeTarget "MiniPOSKidsUITests" */;
			buildPhases = (
				697E5F472F84D5B3008C8E1D /* Sources */,
				697E5F482F84D5B3008C8E1D /* Frameworks */,
				697E5F492F84D5B3008C8E1D /* Resources */,
			);
			buildRules = (
			);
			dependencies = (
				697E5F4D2F84D5B3008C8E1D /* PBXTargetDependency */,
			);
			fileSystemSynchronizedGroups = (
				697E5F4E2F84D5B3008C8E1D /* MiniPOSKidsUITests */,
			);
			name = MiniPOSKidsUITests;
			packageProductDependencies = (
			);
			productName = MiniPOSKidsUITests;
			productReference = 697E5F4B2F84D5B3008C8E1D /* MiniPOSKidsUITests.xctest */;
			productType = "com.apple.product-type.bundle.ui-testing";
		};
/* End PBXNativeTarget section */

/* Begin PBXProject section */
		697E5F2C2F84D5B0008C8E1D /* Project object */ = {
			isa = PBXProject;
			attributes = {
				BuildIndependentTargetsInParallel = 1;
				LastSwiftUpdateCheck = 2620;
				LastUpgradeCheck = 2620;
				TargetAttributes = {
					697E5F332F84D5B0008C8E1D = {
						CreatedOnToolsVersion = 26.2;
					};
					697E5F402F84D5B3008C8E1D = {
						CreatedOnToolsVersion = 26.2;
						TestTargetID = 697E5F332F84D5B0008C8E1D;
					};
					697E5F4A2F84D5B3008C8E1D = {
						CreatedOnToolsVersion = 26.2;
						TestTargetID = 697E5F332F84D5B0008C8E1D;
					};
				};
			};
			buildConfigurationList = 697E5F2F2F84D5B0008C8E1D /* Build configuration list for PBXProject "MiniPOSKids" */;
			developmentRegion = en;
			hasScannedForEncodings = 0;
			knownRegions = (
				en,
				Base,
			);
			mainGroup = 697E5F2B2F84D5B0008C8E1D;
			minimizedProjectReferenceProxies = 1;
			preferredProjectObjectVersion = 77;
			productRefGroup = 697E5F352F84D5B0008C8E1D /* Products */;
			projectDirPath = "";
			projectRoot = "";
			targets = (
				697E5F332F84D5B0008C8E1D /* MiniPOSKids */,
				697E5F402F84D5B3008C8E1D /* MiniPOSKidsTests */,
				697E5F4A2F84D5B3008C8E1D /* MiniPOSKidsUITests */,
			);
		};
/* End PBXProject section */

/* Begin PBXResourcesBuildPhase section */
		697E5F322F84D5B0008C8E1D /* Resources */ = {
			isa = PBXResourcesBuildPhase;
			buildActionMask = 2147483647;
			files = (
				693B762A2F873FD80078FCAD /* Assets.xcassets in Resources */,
			);
			runOnlyForDeploymentPostprocessing = 0;
		};
		697E5F3F2F84D5B3008C8E1D /* Resources */ = {
			isa = PBXResourcesBuildPhase;
			buildActionMask = 2147483647;
			files = (
			);
			runOnlyForDeploymentPostprocessing = 0;
		};
		697E5F492F84D5B3008C8E1D /* Resources */ = {
			isa = PBXResourcesBuildPhase;
			buildActionMask = 2147483647;
			files = (
			);
			runOnlyForDeploymentPostprocessing = 0;
		};
/* End PBXResourcesBuildPhase section */

/* Begin PBXSourcesBuildPhase section */
		697E5F302F84D5B0008C8E1D /* Sources */ = {
			isa = PBXSourcesBuildPhase;
			buildActionMask = 2147483647;
			files = (
				6946CD012F8B218000E9445E /* HomeRoute.swift in Sources */,
				69F095AD2F8C4E8A00477B4F /* AuthRootView.swift in Sources */,
				693B76402F8763490078FCAD /* SmaregiWebView.swift in Sources */,
				693B763E2F8741760078FCAD /* AuthRouter.swift in Sources */,
				693B76362F8740D20078FCAD /* AppRootView.swift in Sources */,
				69F095AF2F8C4ED500477B4F /* HomeRootView.swift in Sources */,
				693B76382F8740EC0078FCAD /* AppState.swift in Sources */,
				693B763C2F87416E0078FCAD /* AuthRoute.swift in Sources */,
				6946CCFD2F8B211400E9445E /* HomeView.swift in Sources */,
				693B76482F8770CB0078FCAD /* LoginView.swift in Sources */,
				6946CCFF2F8B217700E9445E /* HomeRouter.swift in Sources */,
				693B762D2F873FD80078FCAD /* MiniPOSKidsApp.swift in Sources */,
			);
			runOnlyForDeploymentPostprocessing = 0;
		};
		697E5F3D2F84D5B3008C8E1D /* Sources */ = {
			isa = PBXSourcesBuildPhase;
			buildActionMask = 2147483647;
			files = (
			);
			runOnlyForDeploymentPostprocessing = 0;
		};
		697E5F472F84D5B3008C8E1D /* Sources */ = {
			isa = PBXSourcesBuildPhase;
			buildActionMask = 2147483647;
			files = (
			);
			runOnlyForDeploymentPostprocessing = 0;
		};
/* End PBXSourcesBuildPhase section */

/* Begin PBXTargetDependency section */
		697E5F432F84D5B3008C8E1D /* PBXTargetDependency */ = {
			isa = PBXTargetDependency;
			target = 697E5F332F84D5B0008C8E1D /* MiniPOSKids */;
			targetProxy = 697E5F422F84D5B3008C8E1D /* PBXContainerItemProxy */;
		};
		697E5F4D2F84D5B3008C8E1D /* PBXTargetDependency */ = {
			isa = PBXTargetDependency;
			target = 697E5F332F84D5B0008C8E1D /* MiniPOSKids */;
			targetProxy = 697E5F4C2F84D5B3008C8E1D /* PBXContainerItemProxy */;
		};
/* End PBXTargetDependency section */

/* Begin XCBuildConfiguration section */
		697E5F532F84D5B3008C8E1D /* Debug */ = {
			isa = XCBuildConfiguration;
			buildSettings = {
				ALWAYS_SEARCH_USER_PATHS = NO;
				ASSETCATALOG_COMPILER_GENERATE_SWIFT_ASSET_SYMBOL_EXTENSIONS = YES;
				CLANG_ANALYZER_NONNULL = YES;
				CLANG_ANALYZER_NUMBER_OBJECT_CONVERSION = YES_AGGRESSIVE;
				CLANG_CXX_LANGUAGE_STANDARD = "gnu++20";
				CLANG_ENABLE_MODULES = YES;
				CLANG_ENABLE_OBJC_ARC = YES;
				CLANG_ENABLE_OBJC_WEAK = YES;
				CLANG_WARN_BLOCK_CAPTURE_AUTORELEASING = YES;
				CLANG_WARN_BOOL_CONVERSION = YES;
				CLANG_WARN_COMMA = YES;
				CLANG_WARN_CONSTANT_CONVERSION = YES;
				CLANG_WARN_DEPRECATED_OBJC_IMPLEMENTATIONS = YES;
				CLANG_WARN_DIRECT_OBJC_ISA_USAGE = YES_ERROR;
				CLANG_WARN_DOCUMENTATION_COMMENTS = YES;
				CLANG_WARN_EMPTY_BODY = YES;
				CLANG_WARN_ENUM_CONVERSION = YES;
				CLANG_WARN_INFINITE_RECURSION = YES;
				CLANG_WARN_INT_CONVERSION = YES;
				CLANG_WARN_NON_LITERAL_NULL_CONVERSION = YES;
				CLANG_WARN_OBJC_IMPLICIT_RETAIN_SELF = YES;
				CLANG_WARN_OBJC_LITERAL_CONVERSION = YES;
				CLANG_WARN_OBJC_ROOT_CLASS = YES_ERROR;
				CLANG_WARN_QUOTED_INCLUDE_IN_FRAMEWORK_HEADER = YES;
				CLANG_WARN_RANGE_LOOP_ANALYSIS = YES;
				CLANG_WARN_STRICT_PROTOTYPES = YES;
				CLANG_WARN_SUSPICIOUS_MOVE = YES;
				CLANG_WARN_UNGUARDED_AVAILABILITY = YES_AGGRESSIVE;
				CLANG_WARN_UNREACHABLE_CODE = YES;
				CLANG_WARN__DUPLICATE_METHOD_MATCH = YES;
				COPY_PHASE_STRIP = NO;
				DEBUG_INFORMATION_FORMAT = dwarf;
				DEVELOPMENT_TEAM = 6NMWZ48XL4;
				ENABLE_STRICT_OBJC_MSGSEND = YES;
				ENABLE_TESTABILITY = YES;
				ENABLE_USER_SCRIPT_SANDBOXING = YES;
				GCC_C_LANGUAGE_STANDARD = gnu17;
				GCC_DYNAMIC_NO_PIC = NO;
				GCC_NO_COMMON_BLOCKS = YES;
				GCC_OPTIMIZATION_LEVEL = 0;
				GCC_PREPROCESSOR_DEFINITIONS = (
					"DEBUG=1",
					"$(inherited)",
				);
				GCC_WARN_64_TO_32_BIT_CONVERSION = YES;
				GCC_WARN_ABOUT_RETURN_TYPE = YES_ERROR;
				GCC_WARN_UNDECLARED_SELECTOR = YES;
				GCC_WARN_UNINITIALIZED_AUTOS = YES_AGGRESSIVE;
				GCC_WARN_UNUSED_FUNCTION = YES;
				GCC_WARN_UNUSED_VARIABLE = YES;
				IPHONEOS_DEPLOYMENT_TARGET = 26.2;
				LOCALIZATION_PREFERS_STRING_CATALOGS = YES;
				MTL_ENABLE_DEBUG_INFO = INCLUDE_SOURCE;
				MTL_FAST_MATH = YES;
				ONLY_ACTIVE_ARCH = YES;
				SDKROOT = iphoneos;
				SWIFT_ACTIVE_COMPILATION_CONDITIONS = "DEBUG $(inherited)";
				SWIFT_OPTIMIZATION_LEVEL = "-Onone";
			};
			name = Debug;
		};
		697E5F542F84D5B3008C8E1D /* Release */ = {
			isa = XCBuildConfiguration;
			buildSettings = {
				ALWAYS_SEARCH_USER_PATHS = NO;
				ASSETCATALOG_COMPILER_GENERATE_SWIFT_ASSET_SYMBOL_EXTENSIONS = YES;
				CLANG_ANALYZER_NONNULL = YES;
				CLANG_ANALYZER_NUMBER_OBJECT_CONVERSION = YES_AGGRESSIVE;
				CLANG_CXX_LANGUAGE_STANDARD = "gnu++20";
				CLANG_ENABLE_MODULES = YES;
				CLANG_ENABLE_OBJC_ARC = YES;
				CLANG_ENABLE_OBJC_WEAK = YES;
				CLANG_WARN_BLOCK_CAPTURE_AUTORELEASING = YES;
				CLANG_WARN_BOOL_CONVERSION = YES;
				CLANG_WARN_COMMA = YES;
				CLANG_WARN_CONSTANT_CONVERSION = YES;
				CLANG_WARN_DEPRECATED_OBJC_IMPLEMENTATIONS = YES;
				CLANG_WARN_DIRECT_OBJC_ISA_USAGE = YES_ERROR;
				CLANG_WARN_DOCUMENTATION_COMMENTS = YES;
				CLANG_WARN_EMPTY_BODY = YES;
				CLANG_WARN_ENUM_CONVERSION = YES;
				CLANG_WARN_INFINITE_RECURSION = YES;
				CLANG_WARN_INT_CONVERSION = YES;
				CLANG_WARN_NON_LITERAL_NULL_CONVERSION = YES;
				CLANG_WARN_OBJC_IMPLICIT_RETAIN_SELF = YES;
				CLANG_WARN_OBJC_LITERAL_CONVERSION = YES;
				CLANG_WARN_OBJC_ROOT_CLASS = YES_ERROR;
				CLANG_WARN_QUOTED_INCLUDE_IN_FRAMEWORK_HEADER = YES;
				CLANG_WARN_RANGE_LOOP_ANALYSIS = YES;
				CLANG_WARN_STRICT_PROTOTYPES = YES;
				CLANG_WARN_SUSPICIOUS_MOVE = YES;
				CLANG_WARN_UNGUARDED_AVAILABILITY = YES_AGGRESSIVE;
				CLANG_WARN_UNREACHABLE_CODE = YES;
				CLANG_WARN__DUPLICATE_METHOD_MATCH = YES;
				COPY_PHASE_STRIP = NO;
				DEBUG_INFORMATION_FORMAT = "dwarf-with-dsym";
				DEVELOPMENT_TEAM = 6NMWZ48XL4;
				ENABLE_NS_ASSERTIONS = NO;
				ENABLE_STRICT_OBJC_MSGSEND = YES;
				ENABLE_USER_SCRIPT_SANDBOXING = YES;
				GCC_C_LANGUAGE_STANDARD = gnu17;
				GCC_NO_COMMON_BLOCKS = YES;
				GCC_WARN_64_TO_32_BIT_CONVERSION = YES;
				GCC_WARN_ABOUT_RETURN_TYPE = YES_ERROR;
				GCC_WARN_UNDECLARED_SELECTOR = YES;
				GCC_WARN_UNINITIALIZED_AUTOS = YES_AGGRESSIVE;
				GCC_WARN_UNUSED_FUNCTION = YES;
				GCC_WARN_UNUSED_VARIABLE = YES;
				IPHONEOS_DEPLOYMENT_TARGET = 26.2;
				LOCALIZATION_PREFERS_STRING_CATALOGS = YES;
				MTL_ENABLE_DEBUG_INFO = NO;
				MTL_FAST_MATH = YES;
				SDKROOT = iphoneos;
				SWIFT_COMPILATION_MODE = wholemodule;
				VALIDATE_PRODUCT = YES;
			};
			name = Release;
		};
		697E5F562F84D5B3008C8E1D /* Debug */ = {
			isa = XCBuildConfiguration;
			buildSettings = {
				ASSETCATALOG_COMPILER_APPICON_NAME = AppIcon;
				ASSETCATALOG_COMPILER_GLOBAL_ACCENT_COLOR_NAME = AccentColor;
				CODE_SIGN_STYLE = Automatic;
				CURRENT_PROJECT_VERSION = 1;
				DEVELOPMENT_TEAM = 6NMWZ48XL4;
				ENABLE_PREVIEWS = YES;
				GENERATE_INFOPLIST_FILE = YES;
				INFOPLIST_KEY_UIApplicationSceneManifest_Generation = YES;
				INFOPLIST_KEY_UIApplicationSupportsIndirectInputEvents = YES;
				INFOPLIST_KEY_UILaunchScreen_Generation = YES;
				INFOPLIST_KEY_UISupportedInterfaceOrientations_iPad = "UIInterfaceOrientationPortrait UIInterfaceOrientationPortraitUpsideDown UIInterfaceOrientationLandscapeLeft UIInterfaceOrientationLandscapeRight";
				INFOPLIST_KEY_UISupportedInterfaceOrientations_iPhone = "UIInterfaceOrientationPortrait UIInterfaceOrientationLandscapeLeft UIInterfaceOrientationLandscapeRight";
				LD_RUNPATH_SEARCH_PATHS = (
					"$(inherited)",
					"@executable_path/Frameworks",
				);
				MARKETING_VERSION = 1.0;
				PRODUCT_BUNDLE_IDENTIFIER = com.sako.MiniPOSKids;
				PRODUCT_NAME = "$(TARGET_NAME)";
				STRING_CATALOG_GENERATE_SYMBOLS = YES;
				SWIFT_APPROACHABLE_CONCURRENCY = YES;
				SWIFT_DEFAULT_ACTOR_ISOLATION = MainActor;
				SWIFT_EMIT_LOC_STRINGS = YES;
				SWIFT_UPCOMING_FEATURE_MEMBER_IMPORT_VISIBILITY = YES;
				SWIFT_VERSION = 5.0;
				TARGETED_DEVICE_FAMILY = "1,2";
			};
			name = Debug;
		};
		697E5F572F84D5B3008C8E1D /* Release */ = {
			isa = XCBuildConfiguration;
			buildSettings = {
				ASSETCATALOG_COMPILER_APPICON_NAME = AppIcon;
				ASSETCATALOG_COMPILER_GLOBAL_ACCENT_COLOR_NAME = AccentColor;
				CODE_SIGN_STYLE = Automatic;
				CURRENT_PROJECT_VERSION = 1;
				DEVELOPMENT_TEAM = 6NMWZ48XL4;
				ENABLE_PREVIEWS = YES;
				GENERATE_INFOPLIST_FILE = YES;
				INFOPLIST_KEY_UIApplicationSceneManifest_Generation = YES;
				INFOPLIST_KEY_UIApplicationSupportsIndirectInputEvents = YES;
				INFOPLIST_KEY_UILaunchScreen_Generation = YES;
				INFOPLIST_KEY_UISupportedInterfaceOrientations_iPad = "UIInterfaceOrientationPortrait UIInterfaceOrientationPortraitUpsideDown UIInterfaceOrientationLandscapeLeft UIInterfaceOrientationLandscapeRight";
				INFOPLIST_KEY_UISupportedInterfaceOrientations_iPhone = "UIInterfaceOrientationPortrait UIInterfaceOrientationLandscapeLeft UIInterfaceOrientationLandscapeRight";
				LD_RUNPATH_SEARCH_PATHS = (
					"$(inherited)",
					"@executable_path/Frameworks",
				);
				MARKETING_VERSION = 1.0;
				PRODUCT_BUNDLE_IDENTIFIER = com.sako.MiniPOSKids;
				PRODUCT_NAME = "$(TARGET_NAME)";
				STRING_CATALOG_GENERATE_SYMBOLS = YES;
				SWIFT_APPROACHABLE_CONCURRENCY = YES;
				SWIFT_DEFAULT_ACTOR_ISOLATION = MainActor;
				SWIFT_EMIT_LOC_STRINGS = YES;
				SWIFT_UPCOMING_FEATURE_MEMBER_IMPORT_VISIBILITY = YES;
				SWIFT_VERSION = 5.0;
				TARGETED_DEVICE_FAMILY = "1,2";
			};
			name = Release;
		};
		697E5F592F84D5B3008C8E1D /* Debug */ = {
			isa = XCBuildConfiguration;
			buildSettings = {
				BUNDLE_LOADER = "$(TEST_HOST)";
				CODE_SIGN_STYLE = Automatic;
				CURRENT_PROJECT_VERSION = 1;
				DEVELOPMENT_TEAM = 6NMWZ48XL4;
				GENERATE_INFOPLIST_FILE = YES;
				IPHONEOS_DEPLOYMENT_TARGET = 26.2;
				MARKETING_VERSION = 1.0;
				PRODUCT_BUNDLE_IDENTIFIER = com.sako.MiniPOSKidsTests;
				PRODUCT_NAME = "$(TARGET_NAME)";
				STRING_CATALOG_GENERATE_SYMBOLS = NO;
				SWIFT_APPROACHABLE_CONCURRENCY = YES;
				SWIFT_EMIT_LOC_STRINGS = NO;
				SWIFT_UPCOMING_FEATURE_MEMBER_IMPORT_VISIBILITY = YES;
				SWIFT_VERSION = 5.0;
				TARGETED_DEVICE_FAMILY = "1,2";
				TEST_HOST = "$(BUILT_PRODUCTS_DIR)/MiniPOSKids.app/$(BUNDLE_EXECUTABLE_FOLDER_PATH)/MiniPOSKids";
			};
			name = Debug;
		};
		697E5F5A2F84D5B3008C8E1D /* Release */ = {
			isa = XCBuildConfiguration;
			buildSettings = {
				BUNDLE_LOADER = "$(TEST_HOST)";
				CODE_SIGN_STYLE = Automatic;
				CURRENT_PROJECT_VERSION = 1;
				DEVELOPMENT_TEAM = 6NMWZ48XL4;
				GENERATE_INFOPLIST_FILE = YES;
				IPHONEOS_DEPLOYMENT_TARGET = 26.2;
				MARKETING_VERSION = 1.0;
				PRODUCT_BUNDLE_IDENTIFIER = com.sako.MiniPOSKidsTests;
				PRODUCT_NAME = "$(TARGET_NAME)";
				STRING_CATALOG_GENERATE_SYMBOLS = NO;
				SWIFT_APPROACHABLE_CONCURRENCY = YES;
				SWIFT_EMIT_LOC_STRINGS = NO;
				SWIFT_UPCOMING_FEATURE_MEMBER_IMPORT_VISIBILITY = YES;
				SWIFT_VERSION = 5.0;
				TARGETED_DEVICE_FAMILY = "1,2";
				TEST_HOST = "$(BUILT_PRODUCTS_DIR)/MiniPOSKids.app/$(BUNDLE_EXECUTABLE_FOLDER_PATH)/MiniPOSKids";
			};
			name = Release;
		};
		697E5F5C2F84D5B3008C8E1D /* Debug */ = {
			isa = XCBuildConfiguration;
			buildSettings = {
				CODE_SIGN_STYLE = Automatic;
				CURRENT_PROJECT_VERSION = 1;
				DEVELOPMENT_TEAM = 6NMWZ48XL4;
				GENERATE_INFOPLIST_FILE = YES;
				MARKETING_VERSION = 1.0;
				PRODUCT_BUNDLE_IDENTIFIER = com.sako.MiniPOSKidsUITests;
				PRODUCT_NAME = "$(TARGET_NAME)";
				STRING_CATALOG_GENERATE_SYMBOLS = NO;
				SWIFT_APPROACHABLE_CONCURRENCY = YES;
				SWIFT_EMIT_LOC_STRINGS = NO;
				SWIFT_UPCOMING_FEATURE_MEMBER_IMPORT_VISIBILITY = YES;
				SWIFT_VERSION = 5.0;
				TARGETED_DEVICE_FAMILY = "1,2";
				TEST_TARGET_NAME = MiniPOSKids;
			};
			name = Debug;
		};
		697E5F5D2F84D5B3008C8E1D /* Release */ = {
			isa = XCBuildConfiguration;
			buildSettings = {
				CODE_SIGN_STYLE = Automatic;
				CURRENT_PROJECT_VERSION = 1;
				DEVELOPMENT_TEAM = 6NMWZ48XL4;
				GENERATE_INFOPLIST_FILE = YES;
				MARKETING_VERSION = 1.0;
				PRODUCT_BUNDLE_IDENTIFIER = com.sako.MiniPOSKidsUITests;
				PRODUCT_NAME = "$(TARGET_NAME)";
				STRING_CATALOG_GENERATE_SYMBOLS = NO;
				SWIFT_APPROACHABLE_CONCURRENCY = YES;
				SWIFT_EMIT_LOC_STRINGS = NO;
				SWIFT_UPCOMING_FEATURE_MEMBER_IMPORT_VISIBILITY = YES;
				SWIFT_VERSION = 5.0;
				TARGETED_DEVICE_FAMILY = "1,2";
				TEST_TARGET_NAME = MiniPOSKids;
			};
			name = Release;
		};
/* End XCBuildConfiguration section */

/* Begin XCConfigurationList section */
		697E5F2F2F84D5B0008C8E1D /* Build configuration list for PBXProject "MiniPOSKids" */ = {
			isa = XCConfigurationList;
			buildConfigurations = (
				697E5F532F84D5B3008C8E1D /* Debug */,
				697E5F542F84D5B3008C8E1D /* Release */,
			);
			defaultConfigurationIsVisible = 0;
			defaultConfigurationName = Release;
		};
		697E5F552F84D5B3008C8E1D /* Build configuration list for PBXNativeTarget "MiniPOSKids" */ = {
			isa = XCConfigurationList;
			buildConfigurations = (
				697E5F562F84D5B3008C8E1D /* Debug */,
				697E5F572F84D5B3008C8E1D /* Release */,
			);
			defaultConfigurationIsVisible = 0;
			defaultConfigurationName = Release;
		};
		697E5F582F84D5B3008C8E1D /* Build configuration list for PBXNativeTarget "MiniPOSKidsTests" */ = {
			isa = XCConfigurationList;
			buildConfigurations = (
				697E5F592F84D5B3008C8E1D /* Debug */,
				697E5F5A2F84D5B3008C8E1D /* Release */,
			);
			defaultConfigurationIsVisible = 0;
			defaultConfigurationName = Release;
		};
		697E5F5B2F84D5B3008C8E1D /* Build configuration list for PBXNativeTarget "MiniPOSKidsUITests" */ = {
			isa = XCConfigurationList;
			buildConfigurations = (
				697E5F5C2F84D5B3008C8E1D /* Debug */,
				697E5F5D2F84D5B3008C8E1D /* Release */,
			);
			defaultConfigurationIsVisible = 0;
			defaultConfigurationName = Release;
		};
/* End XCConfigurationList section */
	};
	rootObject = 697E5F2C2F84D5B0008C8E1D /* Project object */;
}
